
Microsoft Visual Studio Solution File, Format Version 12.00
# Visual Studio Version 17
VisualStudioVersion = 17.1.32328.378
MinimumVisualStudioVersion = 10.0.40219.1
Project("{FAE04EC0-301F-11D3-BF4B-00C04F79EFBC}") = "Bookmarket", "Bookmarket\Bookmarket.csproj", "{C8C23D2E-8B1B-4937-9647-881B759B7A94}"
EndProject
Global
	GlobalSection(SolutionConfigurationPlatforms) = preSolution
		Debug|Any CPU = Debug|Any CPU
		Release|Any CPU = Release|Any CPU
	EndGlobalSection
	GlobalSection(ProjectConfigurationPlatforms) = postSolution
		{C8C23D2E-8B1B-4937-9647-881B759B7A94}.Debug|Any CPU.ActiveCfg = Debug|Any CPU
		{C8C23D2E-8B1B-4937-9647-881B759B7A94}.Debug|Any CPU.Build.0 = Debug|Any CPU
		{C8C23D2E-8B1B-4937-9647-881B759B7A94}.Release|Any CPU.ActiveCfg = Release|Any CPU
		{C8C23D2E-8B1B-4937-9647-881B759B7A94}.Release|Any CPU.Build.0 = Release|Any CPU
	EndGlobalSection
	GlobalSection(SolutionProperties) = preSolution
		HideSolutionNode = FALSE
	EndGlobalSection
	GlobalSection(ExtensibilityGlobals) = postSolution
		SolutionGuid = {DDDBC19E-6E8A-4E74-9F7C-1667DE7EA47B}
	EndGlobalSection
EndGlobal
